
Microsoft Visual Studio Solution File, Format Version 11.00
# Visual Studio 2010
Project("{FAE04EC0-301F-11D3-BF4B-00C04F79EFBC}") = "TETRIX", "TETRIX\TETRIX.csproj", "{A70D5EF0-E2BD-4D05-9456-36BB36DF69BB}"
EndProject
Global
	GlobalSection(SolutionConfigurationPlatforms) = preSolution
		Debug|x86 = Debug|x86
		Release|x86 = Release|x86
	EndGlobalSection
	GlobalSection(ProjectConfigurationPlatforms) = postSolution
		{A70D5EF0-E2BD-4D05-9456-36BB36DF69BB}.Debug|x86.ActiveCfg = Debug|x86
		{A70D5EF0-E2BD-4D05-9456-36BB36DF69BB}.Debug|x86.Build.0 = Debug|x86
		{A70D5EF0-E2BD-4D05-9456-36BB36DF69BB}.Release|x86.ActiveCfg = Release|x86
		{A70D5EF0-E2BD-4D05-9456-36BB36DF69BB}.Release|x86.Build.0 = Release|x86
	EndGlobalSection
	GlobalSection(SolutionProperties) = preSolution
		HideSolutionNode = FALSE
	EndGlobalSection
EndGlobal
